github.com/knieriem/can v0.3.0-beta2 h1:SMXbPBjBOJX4euNr/fpGqQ3wckmckIJmRXaihVcFg2g=
github.com/knieriem/can v0.3.0-beta2/go.mod h1:dov0C2L/qfKWOnMQgYRb2OlyOrzzVZTsx8+Wu4dWx54=
github.com/knieriem/crcutil v0.1.0-alpha2 h1:nLTg4K50IACB66wdZ8CrOBB20cXJ7z756aGOs9B8kbM=
github.com/knieriem/crcutil v0.1.0-alpha2/go.mod h1:a1dvLkw3+Jq5fk0FkTdFkvcyZJP2xXA0+ielkokdfLQ=
github.com/knieriem/g v0.1.0/go.mod h1:Cxrkopw+HrVRIxTQzwKvLf0zImHa1q6L0RUElAh3a9k=
github.com/knieriem/g v0.4.0/go.mod h1:/Jo8tnfB2j/yQQCwkBbN0sZ2ekRtc9cXYiF4mAbiLAc=
github.com/knieriem/g v0.5.0 h1:0WGfg4rfLD70T5e3SLZ9HtmmLQlRPChoKG15B3dfyqI=
github.com/knieriem/g v0.5.0/go.mod h1:fhVCOebbqbZTIN+bv0aU/gOAasuZlP0ETeaF4N2553A=
github.com/knieriem/hash v1.1.0-alpha1 h1:G3dp5XXXeAeOhhx67PRdgd+VUlMrMMS/PoIB6SE/0mA=
github.com/knieriem/hash v1.1.0-alpha1/go.mod h1:1Qz5JUcYx5RFS7xagkpKkE4x6rljvtj40qnKnVILZj4=
github.com/knieriem/io v0.1.0/go.mod h1:IlKZPX4lndNFPrEartjXZUhS/XDgekg7Llmtp7bXMzg=
github.com/knieriem/modbus v0.13.0-alpha2 h1:FPss1FZQPg6zsVRBWmMTxs2ts3gCHJNVpmUlG1I2stc=
github.com/knieriem/modbus v0.13.0-alpha2/go.mod h1:HisIYW3BHlR8zjyEdZUjAE2tPe7caXD5Nm2C1OjNNNU=
github.com/knieriem/serframe v0.1.0-alpha2/go.mod h1:kFNjTjiiELWlTByZ4JuzIMzzzzb/tOaeRFfEoo1YcSs=
github.com/knieriem/serframe v0.1.0-alpha4 h1:YupPdLsbMV0ECMdEgtogQLVDQ39PhEm112jMHpHAWZ4=
github.com/knieriem/serframe v0.1.0-alpha4/go.mod h1:kFNjTjiiELWlTByZ4JuzIMzzzzb/tOaeRFfEoo1YcSs=
github.com/knieriem/serport v0.4.0-alpha2 h1:dDEMVdrA/i3Z4R0P+MEa09qukfu2i5h0rITJT7FBQVU=
github.com/knieriem/serport v0.4.0-alpha2/go.mod h1:MLlSlrMtP0MuBHRXNCbNz7nGFeDwB4vC8YEjaI7FnQw=
github.com/knieriem/text v0.1.1 h1:soHAOGl9ImS4GnGyXz1ysOflZgRo5mDmqM5av9RxY5Y=
github.com/knieriem/text v0.1.1/go.mod h1:4h57Q3GvItfA7H/EW3wd9i83WEF7CcS0RUesQKw/vu0=
github.com/knieriem/vfsutil v0.1.0/go.mod h1:vDmi2mPOtfrWx5UDrPmaErqvaMyTdBnfvPqqIxjP9ik=
github.com/lionkov/go9p v0.0.0-20180620135904-0a603dd6808a/go.mod h1:Nbrxd4FljESFB/bUvzT5xm1VNO2VfzMKSIv4L++4J4U=
github.com/x448/float16 v0.8.4/go.mod h1:14CWIYCyZA/cWjXOioeEpHeN/83MdbZDRQHoFcYsOfg=
golang.org/x/sys v0.0.0-20210514084401-e8d321eab015/go.mod h1:oPkhp1MJrh7nUepCBck5+mAzfO9JrbApNNgaTdGDITg=
golang.org/x/sys v0.1.0/go.mod h1:oPkhp1MJrh7nUepCBck5+mAzfO9JrbApNNgaTdGDITg=
golang.org/x/sys v0.16.0/go.mod h1:/VUhepiaJMQUp4+oa/7Zr1D23ma6VTLIYjOOTFZPUcA=
golang.org/x/sys v0.35.0 h1:vz1N37gP5bs89s7He8XuIYXpyY0+QlsKmzipCbUtyxI=
golang.org/x/sys v0.35.0/go.mod h1:BJP2sWEmIv4KK5OTEluFJCKSidICx8ciO85XgH3Ak8k=
golang.org/x/tools v0.0.0-20180727195141-8cc4e8a6f484/go.mod h1:n7NCudcB/nEzxVGmLbDWY5pfWTLqBcC2KZ6jyYvM4mQ=
